
Microsoft Visual Studio Solution File, Format Version 12.00
# Visual Studio Version 16
VisualStudioVersion = 16.0.30002.166
MinimumVisualStudioVersion = 10.0.40219.1
Project("{FAE04EC0-301F-11D3-BF4B-00C04F79EFBC}") = "InstanciandoDuracaoComFrom", "InstanciandoDuracaoComFrom\InstanciandoDuracaoComFrom.csproj", "{F436453B-45E3-4218-BF79-25E56000BC33}"
EndProject
Global
	GlobalSection(SolutionConfigurationPlatforms) = preSolution
		Debug|Any CPU = Debug|Any CPU
		Release|Any CPU = Release|Any CPU
	EndGlobalSection
	GlobalSection(ProjectConfigurationPlatforms) = postSolution
		{F436453B-45E3-4218-BF79-25E56000BC33}.Debug|Any CPU.ActiveCfg = Debug|Any CPU
		{F436453B-45E3-4218-BF79-25E56000BC33}.Debug|Any CPU.Build.0 = Debug|Any CPU
		{F436453B-45E3-4218-BF79-25E56000BC33}.Release|Any CPU.ActiveCfg = Release|Any CPU
		{F436453B-45E3-4218-BF79-25E56000BC33}.Release|Any CPU.Build.0 = Release|Any CPU
	EndGlobalSection
	GlobalSection(SolutionProperties) = preSolution
		HideSolutionNode = FALSE
	EndGlobalSection
	GlobalSection(ExtensibilityGlobals) = postSolution
		SolutionGuid = {FD15907A-F84B-4A5B-9EE5-1D9CB380A112}
	EndGlobalSection
EndGlobal
