
Microsoft Visual Studio Solution File, Format Version 12.00
# Visual Studio Version 16
VisualStudioVersion = 16.0.30128.74
MinimumVisualStudioVersion = 10.0.40219.1
Project("{FAE04EC0-301F-11D3-BF4B-00C04F79EFBC}") = "ExResolvidoLinQLambDa", "ExResolvidoLinQLambDa\ExResolvidoLinQLambDa.csproj", "{A3BA9B5B-E5FA-490C-AFB3-D5955ABE073E}"
EndProject
Global
	GlobalSection(SolutionConfigurationPlatforms) = preSolution
		Debug|Any CPU = Debug|Any CPU
		Release|Any CPU = Release|Any CPU
	EndGlobalSection
	GlobalSection(ProjectConfigurationPlatforms) = postSolution
		{A3BA9B5B-E5FA-490C-AFB3-D5955ABE073E}.Debug|Any CPU.ActiveCfg = Debug|Any CPU
		{A3BA9B5B-E5FA-490C-AFB3-D5955ABE073E}.Debug|Any CPU.Build.0 = Debug|Any CPU
		{A3BA9B5B-E5FA-490C-AFB3-D5955ABE073E}.Release|Any CPU.ActiveCfg = Release|Any CPU
		{A3BA9B5B-E5FA-490C-AFB3-D5955ABE073E}.Release|Any CPU.Build.0 = Release|Any CPU
	EndGlobalSection
	GlobalSection(SolutionProperties) = preSolution
		HideSolutionNode = FALSE
	EndGlobalSection
	GlobalSection(ExtensibilityGlobals) = postSolution
		SolutionGuid = {8BA53BB4-8E0E-4F80-A4BA-C924C4E73161}
	EndGlobalSection
EndGlobal
