
Microsoft Visual Studio Solution File, Format Version 12.00
# Visual Studio Version 16
VisualStudioVersion = 16.0.30002.166
MinimumVisualStudioVersion = 10.0.40219.1
Project("{FAE04EC0-301F-11D3-BF4B-00C04F79EFBC}") = "OperacoesDuracaoParteII", "OperacoesDuracaoParteII\OperacoesDuracaoParteII.csproj", "{5D895681-A90D-4F19-8F28-878CA4E41C6B}"
EndProject
Global
	GlobalSection(SolutionConfigurationPlatforms) = preSolution
		Debug|Any CPU = Debug|Any CPU
		Release|Any CPU = Release|Any CPU
	EndGlobalSection
	GlobalSection(ProjectConfigurationPlatforms) = postSolution
		{5D895681-A90D-4F19-8F28-878CA4E41C6B}.Debug|Any CPU.ActiveCfg = Debug|Any CPU
		{5D895681-A90D-4F19-8F28-878CA4E41C6B}.Debug|Any CPU.Build.0 = Debug|Any CPU
		{5D895681-A90D-4F19-8F28-878CA4E41C6B}.Release|Any CPU.ActiveCfg = Release|Any CPU
		{5D895681-A90D-4F19-8F28-878CA4E41C6B}.Release|Any CPU.Build.0 = Release|Any CPU
	EndGlobalSection
	GlobalSection(SolutionProperties) = preSolution
		HideSolutionNode = FALSE
	EndGlobalSection
	GlobalSection(ExtensibilityGlobals) = postSolution
		SolutionGuid = {305BC820-C2F8-4238-A9F7-C0187097ED28}
	EndGlobalSection
EndGlobal
