
Microsoft Visual Studio Solution File, Format Version 12.00
# Visual Studio Version 16
VisualStudioVersion = 16.0.30002.166
MinimumVisualStudioVersion = 10.0.40219.1
Project("{FAE04EC0-301F-11D3-BF4B-00C04F79EFBC}") = "PropriedadesOperacoesDataHora", "PropriedadesOperacoesDataHora\PropriedadesOperacoesDataHora.csproj", "{163D335E-D51E-4AE7-B6BF-D5014F3DE1F2}"
EndProject
Global
	GlobalSection(SolutionConfigurationPlatforms) = preSolution
		Debug|Any CPU = Debug|Any CPU
		Release|Any CPU = Release|Any CPU
	EndGlobalSection
	GlobalSection(ProjectConfigurationPlatforms) = postSolution
		{163D335E-D51E-4AE7-B6BF-D5014F3DE1F2}.Debug|Any CPU.ActiveCfg = Debug|Any CPU
		{163D335E-D51E-4AE7-B6BF-D5014F3DE1F2}.Debug|Any CPU.Build.0 = Debug|Any CPU
		{163D335E-D51E-4AE7-B6BF-D5014F3DE1F2}.Release|Any CPU.ActiveCfg = Release|Any CPU
		{163D335E-D51E-4AE7-B6BF-D5014F3DE1F2}.Release|Any CPU.Build.0 = Release|Any CPU
	EndGlobalSection
	GlobalSection(SolutionProperties) = preSolution
		HideSolutionNode = FALSE
	EndGlobalSection
	GlobalSection(ExtensibilityGlobals) = postSolution
		SolutionGuid = {4D342D16-57E4-4D68-9D94-940545DAA82A}
	EndGlobalSection
EndGlobal
