
Microsoft Visual Studio Solution File, Format Version 12.00
# Visual Studio Version 16
VisualStudioVersion = 16.0.29920.165
MinimumVisualStudioVersion = 10.0.40219.1
Project("{FAE04EC0-301F-11D3-BF4B-00C04F79EFBC}") = "LacoForeach", "LacoForeach\LacoForeach.csproj", "{FCA53BF3-0D25-477D-BBCF-E269B74D973D}"
EndProject
Global
	GlobalSection(SolutionConfigurationPlatforms) = preSolution
		Debug|Any CPU = Debug|Any CPU
		Release|Any CPU = Release|Any CPU
	EndGlobalSection
	GlobalSection(ProjectConfigurationPlatforms) = postSolution
		{FCA53BF3-0D25-477D-BBCF-E269B74D973D}.Debug|Any CPU.ActiveCfg = Debug|Any CPU
		{FCA53BF3-0D25-477D-BBCF-E269B74D973D}.Debug|Any CPU.Build.0 = Debug|Any CPU
		{FCA53BF3-0D25-477D-BBCF-E269B74D973D}.Release|Any CPU.ActiveCfg = Release|Any CPU
		{FCA53BF3-0D25-477D-BBCF-E269B74D973D}.Release|Any CPU.Build.0 = Release|Any CPU
	EndGlobalSection
	GlobalSection(SolutionProperties) = preSolution
		HideSolutionNode = FALSE
	EndGlobalSection
	GlobalSection(ExtensibilityGlobals) = postSolution
		SolutionGuid = {59E8B73C-1E2A-41A4-B4FD-0035F36A8571}
	EndGlobalSection
EndGlobal
