
Microsoft Visual Studio Solution File, Format Version 12.00
# Visual Studio Version 16
VisualStudioVersion = 16.0.30128.74
MinimumVisualStudioVersion = 10.0.40219.1
Project("{FAE04EC0-301F-11D3-BF4B-00C04F79EFBC}") = "EstruturaDictionaRySortEdDictionaRy", "EstruturaDictionaRySortEdDictionaRy\EstruturaDictionaRySortEdDictionaRy.csproj", "{8792D685-25DA-4FD7-904D-B02E9F57537E}"
EndProject
Global
	GlobalSection(SolutionConfigurationPlatforms) = preSolution
		Debug|Any CPU = Debug|Any CPU
		Release|Any CPU = Release|Any CPU
	EndGlobalSection
	GlobalSection(ProjectConfigurationPlatforms) = postSolution
		{8792D685-25DA-4FD7-904D-B02E9F57537E}.Debug|Any CPU.ActiveCfg = Debug|Any CPU
		{8792D685-25DA-4FD7-904D-B02E9F57537E}.Debug|Any CPU.Build.0 = Debug|Any CPU
		{8792D685-25DA-4FD7-904D-B02E9F57537E}.Release|Any CPU.ActiveCfg = Release|Any CPU
		{8792D685-25DA-4FD7-904D-B02E9F57537E}.Release|Any CPU.Build.0 = Release|Any CPU
	EndGlobalSection
	GlobalSection(SolutionProperties) = preSolution
		HideSolutionNode = FALSE
	EndGlobalSection
	GlobalSection(ExtensibilityGlobals) = postSolution
		SolutionGuid = {869E3D21-2BF3-4677-BE3C-521A311883AF}
	EndGlobalSection
EndGlobal
