
Microsoft Visual Studio Solution File, Format Version 12.00
# Visual Studio Version 16
VisualStudioVersion = 16.0.30011.22
MinimumVisualStudioVersion = 10.0.40219.1
Project("{FAE04EC0-301F-11D3-BF4B-00C04F79EFBC}") = "Sobreposicao", "Sobreposicao\Sobreposicao.csproj", "{7ED66B35-4FA2-42D0-A2AE-32DCBAD0A14E}"
EndProject
Global
	GlobalSection(SolutionConfigurationPlatforms) = preSolution
		Debug|Any CPU = Debug|Any CPU
		Release|Any CPU = Release|Any CPU
	EndGlobalSection
	GlobalSection(ProjectConfigurationPlatforms) = postSolution
		{7ED66B35-4FA2-42D0-A2AE-32DCBAD0A14E}.Debug|Any CPU.ActiveCfg = Debug|Any CPU
		{7ED66B35-4FA2-42D0-A2AE-32DCBAD0A14E}.Debug|Any CPU.Build.0 = Debug|Any CPU
		{7ED66B35-4FA2-42D0-A2AE-32DCBAD0A14E}.Release|Any CPU.ActiveCfg = Release|Any CPU
		{7ED66B35-4FA2-42D0-A2AE-32DCBAD0A14E}.Release|Any CPU.Build.0 = Release|Any CPU
	EndGlobalSection
	GlobalSection(SolutionProperties) = preSolution
		HideSolutionNode = FALSE
	EndGlobalSection
	GlobalSection(ExtensibilityGlobals) = postSolution
		SolutionGuid = {B3CDDE59-D2BA-4A31-923D-F5FAD13C1368}
	EndGlobalSection
EndGlobal
