
Microsoft Visual Studio Solution File, Format Version 12.00
# Visual Studio Version 16
VisualStudioVersion = 16.0.29926.136
MinimumVisualStudioVersion = 10.0.40219.1
Project("{FAE04EC0-301F-11D3-BF4B-00C04F79EFBC}") = "SwitchCase", "SwitchCase\SwitchCase.csproj", "{D037541E-3694-4EA9-8BEE-1C23A16CB6E0}"
EndProject
Global
	GlobalSection(SolutionConfigurationPlatforms) = preSolution
		Debug|Any CPU = Debug|Any CPU
		Release|Any CPU = Release|Any CPU
	EndGlobalSection
	GlobalSection(ProjectConfigurationPlatforms) = postSolution
		{D037541E-3694-4EA9-8BEE-1C23A16CB6E0}.Debug|Any CPU.ActiveCfg = Debug|Any CPU
		{D037541E-3694-4EA9-8BEE-1C23A16CB6E0}.Debug|Any CPU.Build.0 = Debug|Any CPU
		{D037541E-3694-4EA9-8BEE-1C23A16CB6E0}.Release|Any CPU.ActiveCfg = Release|Any CPU
		{D037541E-3694-4EA9-8BEE-1C23A16CB6E0}.Release|Any CPU.Build.0 = Release|Any CPU
	EndGlobalSection
	GlobalSection(SolutionProperties) = preSolution
		HideSolutionNode = FALSE
	EndGlobalSection
	GlobalSection(ExtensibilityGlobals) = postSolution
		SolutionGuid = {8BD380C9-D768-4CD2-AA37-2551D7479825}
	EndGlobalSection
EndGlobal
