
Microsoft Visual Studio Solution File, Format Version 12.00
# Visual Studio Version 16
VisualStudioVersion = 16.0.30002.166
MinimumVisualStudioVersion = 10.0.40219.1
Project("{FAE04EC0-301F-11D3-BF4B-00C04F79EFBC}") = "ExComposicaoEnumeracoes2", "ExComposicaoEnumeracoes2\ExComposicaoEnumeracoes2.csproj", "{D802B69F-8B35-44E0-ADA0-49B47884945E}"
EndProject
Global
	GlobalSection(SolutionConfigurationPlatforms) = preSolution
		Debug|Any CPU = Debug|Any CPU
		Release|Any CPU = Release|Any CPU
	EndGlobalSection
	GlobalSection(ProjectConfigurationPlatforms) = postSolution
		{D802B69F-8B35-44E0-ADA0-49B47884945E}.Debug|Any CPU.ActiveCfg = Debug|Any CPU
		{D802B69F-8B35-44E0-ADA0-49B47884945E}.Debug|Any CPU.Build.0 = Debug|Any CPU
		{D802B69F-8B35-44E0-ADA0-49B47884945E}.Release|Any CPU.ActiveCfg = Release|Any CPU
		{D802B69F-8B35-44E0-ADA0-49B47884945E}.Release|Any CPU.Build.0 = Release|Any CPU
	EndGlobalSection
	GlobalSection(SolutionProperties) = preSolution
		HideSolutionNode = FALSE
	EndGlobalSection
	GlobalSection(ExtensibilityGlobals) = postSolution
		SolutionGuid = {1D072FF6-E38E-457C-89CC-A36BE1B86045}
	EndGlobalSection
EndGlobal
