
Microsoft Visual Studio Solution File, Format Version 12.00
# Visual Studio Version 16
VisualStudioVersion = 16.0.29911.84
MinimumVisualStudioVersion = 10.0.40219.1
Project("{FAE04EC0-301F-11D3-BF4B-00C04F79EFBC}") = "Encapsulamento", "Encapsulamento\Encapsulamento.csproj", "{766F6217-A635-4598-9421-72D4830D7662}"
EndProject
Global
	GlobalSection(SolutionConfigurationPlatforms) = preSolution
		Debug|Any CPU = Debug|Any CPU
		Release|Any CPU = Release|Any CPU
	EndGlobalSection
	GlobalSection(ProjectConfigurationPlatforms) = postSolution
		{766F6217-A635-4598-9421-72D4830D7662}.Debug|Any CPU.ActiveCfg = Debug|Any CPU
		{766F6217-A635-4598-9421-72D4830D7662}.Debug|Any CPU.Build.0 = Debug|Any CPU
		{766F6217-A635-4598-9421-72D4830D7662}.Release|Any CPU.ActiveCfg = Release|Any CPU
		{766F6217-A635-4598-9421-72D4830D7662}.Release|Any CPU.Build.0 = Release|Any CPU
	EndGlobalSection
	GlobalSection(SolutionProperties) = preSolution
		HideSolutionNode = FALSE
	EndGlobalSection
	GlobalSection(ExtensibilityGlobals) = postSolution
		SolutionGuid = {029C4FC4-C01E-46B7-976D-9456C5D8BE0A}
	EndGlobalSection
EndGlobal
