
Microsoft Visual Studio Solution File, Format Version 12.00
# Visual Studio Version 16
VisualStudioVersion = 16.0.30002.166
MinimumVisualStudioVersion = 10.0.40219.1
Project("{FAE04EC0-301F-11D3-BF4B-00C04F79EFBC}") = "ExercicioEnumeracoesComposicao", "ExercicioEnumeracoesComposicao\ExercicioEnumeracoesComposicao.csproj", "{073F9C22-D433-4C63-815C-D05401BFCD03}"
EndProject
Global
	GlobalSection(SolutionConfigurationPlatforms) = preSolution
		Debug|Any CPU = Debug|Any CPU
		Release|Any CPU = Release|Any CPU
	EndGlobalSection
	GlobalSection(ProjectConfigurationPlatforms) = postSolution
		{073F9C22-D433-4C63-815C-D05401BFCD03}.Debug|Any CPU.ActiveCfg = Debug|Any CPU
		{073F9C22-D433-4C63-815C-D05401BFCD03}.Debug|Any CPU.Build.0 = Debug|Any CPU
		{073F9C22-D433-4C63-815C-D05401BFCD03}.Release|Any CPU.ActiveCfg = Release|Any CPU
		{073F9C22-D433-4C63-815C-D05401BFCD03}.Release|Any CPU.Build.0 = Release|Any CPU
	EndGlobalSection
	GlobalSection(SolutionProperties) = preSolution
		HideSolutionNode = FALSE
	EndGlobalSection
	GlobalSection(ExtensibilityGlobals) = postSolution
		SolutionGuid = {43EDFE6E-5A9F-4859-865D-F222CCF0B5F8}
	EndGlobalSection
EndGlobal
