
Microsoft Visual Studio Solution File, Format Version 12.00
# Visual Studio Version 16
VisualStudioVersion = 16.0.30002.166
MinimumVisualStudioVersion = 10.0.40219.1
Project("{FAE04EC0-301F-11D3-BF4B-00C04F79EFBC}") = "Duracao", "Duracao\Duracao.csproj", "{97F9BADE-1EDF-4AA0-830E-08C67F1D8821}"
EndProject
Global
	GlobalSection(SolutionConfigurationPlatforms) = preSolution
		Debug|Any CPU = Debug|Any CPU
		Release|Any CPU = Release|Any CPU
	EndGlobalSection
	GlobalSection(ProjectConfigurationPlatforms) = postSolution
		{97F9BADE-1EDF-4AA0-830E-08C67F1D8821}.Debug|Any CPU.ActiveCfg = Debug|Any CPU
		{97F9BADE-1EDF-4AA0-830E-08C67F1D8821}.Debug|Any CPU.Build.0 = Debug|Any CPU
		{97F9BADE-1EDF-4AA0-830E-08C67F1D8821}.Release|Any CPU.ActiveCfg = Release|Any CPU
		{97F9BADE-1EDF-4AA0-830E-08C67F1D8821}.Release|Any CPU.Build.0 = Release|Any CPU
	EndGlobalSection
	GlobalSection(SolutionProperties) = preSolution
		HideSolutionNode = FALSE
	EndGlobalSection
	GlobalSection(ExtensibilityGlobals) = postSolution
		SolutionGuid = {B13F0997-BF60-443B-A057-40F26D927BDA}
	EndGlobalSection
EndGlobal
