
Microsoft Visual Studio Solution File, Format Version 12.00
# Visual Studio Version 16
VisualStudioVersion = 16.0.30128.74
MinimumVisualStudioVersion = 10.0.40219.1
Project("{FAE04EC0-301F-11D3-BF4B-00C04F79EFBC}") = "DelegaTes", "DelegaTes\DelegaTes.csproj", "{091E029E-057C-4D9D-B7AE-5F764A69C03B}"
EndProject
Global
	GlobalSection(SolutionConfigurationPlatforms) = preSolution
		Debug|Any CPU = Debug|Any CPU
		Release|Any CPU = Release|Any CPU
	EndGlobalSection
	GlobalSection(ProjectConfigurationPlatforms) = postSolution
		{091E029E-057C-4D9D-B7AE-5F764A69C03B}.Debug|Any CPU.ActiveCfg = Debug|Any CPU
		{091E029E-057C-4D9D-B7AE-5F764A69C03B}.Debug|Any CPU.Build.0 = Debug|Any CPU
		{091E029E-057C-4D9D-B7AE-5F764A69C03B}.Release|Any CPU.ActiveCfg = Release|Any CPU
		{091E029E-057C-4D9D-B7AE-5F764A69C03B}.Release|Any CPU.Build.0 = Release|Any CPU
	EndGlobalSection
	GlobalSection(SolutionProperties) = preSolution
		HideSolutionNode = FALSE
	EndGlobalSection
	GlobalSection(ExtensibilityGlobals) = postSolution
		SolutionGuid = {44B9E7E5-AADC-4F33-ACA5-D9FFFBC0D858}
	EndGlobalSection
EndGlobal
