
Microsoft Visual Studio Solution File, Format Version 12.00
# Visual Studio Version 16
VisualStudioVersion = 16.0.30104.148
MinimumVisualStudioVersion = 10.0.40219.1
Project("{FAE04EC0-301F-11D3-BF4B-00C04F79EFBC}") = "GEnerics", "GEnerics\GEnerics.csproj", "{F22BACD0-0A0A-47F0-9670-823F1C6B278D}"
EndProject
Global
	GlobalSection(SolutionConfigurationPlatforms) = preSolution
		Debug|Any CPU = Debug|Any CPU
		Release|Any CPU = Release|Any CPU
	EndGlobalSection
	GlobalSection(ProjectConfigurationPlatforms) = postSolution
		{F22BACD0-0A0A-47F0-9670-823F1C6B278D}.Debug|Any CPU.ActiveCfg = Debug|Any CPU
		{F22BACD0-0A0A-47F0-9670-823F1C6B278D}.Debug|Any CPU.Build.0 = Debug|Any CPU
		{F22BACD0-0A0A-47F0-9670-823F1C6B278D}.Release|Any CPU.ActiveCfg = Release|Any CPU
		{F22BACD0-0A0A-47F0-9670-823F1C6B278D}.Release|Any CPU.Build.0 = Release|Any CPU
	EndGlobalSection
	GlobalSection(SolutionProperties) = preSolution
		HideSolutionNode = FALSE
	EndGlobalSection
	GlobalSection(ExtensibilityGlobals) = postSolution
		SolutionGuid = {AB6A35FB-9295-44A6-ACC4-FC917A51D9A3}
	EndGlobalSection
EndGlobal
