
Microsoft Visual Studio Solution File, Format Version 12.00
# Visual Studio Version 16
VisualStudioVersion = 16.0.29806.167
MinimumVisualStudioVersion = 10.0.40219.1
Project("{FAE04EC0-301F-11D3-BF4B-00C04F79EFBC}") = "Funcoes", "Funcoes\Funcoes.csproj", "{2171C9F7-18F1-4054-A12B-02D2FB1663CE}"
EndProject
Global
	GlobalSection(SolutionConfigurationPlatforms) = preSolution
		Debug|Any CPU = Debug|Any CPU
		Release|Any CPU = Release|Any CPU
	EndGlobalSection
	GlobalSection(ProjectConfigurationPlatforms) = postSolution
		{2171C9F7-18F1-4054-A12B-02D2FB1663CE}.Debug|Any CPU.ActiveCfg = Debug|Any CPU
		{2171C9F7-18F1-4054-A12B-02D2FB1663CE}.Debug|Any CPU.Build.0 = Debug|Any CPU
		{2171C9F7-18F1-4054-A12B-02D2FB1663CE}.Release|Any CPU.ActiveCfg = Release|Any CPU
		{2171C9F7-18F1-4054-A12B-02D2FB1663CE}.Release|Any CPU.Build.0 = Release|Any CPU
	EndGlobalSection
	GlobalSection(SolutionProperties) = preSolution
		HideSolutionNode = FALSE
	EndGlobalSection
	GlobalSection(ExtensibilityGlobals) = postSolution
		SolutionGuid = {64C68070-EA39-42EC-98E0-F763163C4F7E}
	EndGlobalSection
EndGlobal
