
Microsoft Visual Studio Solution File, Format Version 12.00
# Visual Studio Version 16
VisualStudioVersion = 16.0.29920.165
MinimumVisualStudioVersion = 10.0.40219.1
Project("{FAE04EC0-301F-11D3-BF4B-00C04F79EFBC}") = "ListasParteI", "ListasParteI\ListasParteI.csproj", "{591AA86F-7823-4873-8E88-1172021D6EA0}"
EndProject
Global
	GlobalSection(SolutionConfigurationPlatforms) = preSolution
		Debug|Any CPU = Debug|Any CPU
		Release|Any CPU = Release|Any CPU
	EndGlobalSection
	GlobalSection(ProjectConfigurationPlatforms) = postSolution
		{591AA86F-7823-4873-8E88-1172021D6EA0}.Debug|Any CPU.ActiveCfg = Debug|Any CPU
		{591AA86F-7823-4873-8E88-1172021D6EA0}.Debug|Any CPU.Build.0 = Debug|Any CPU
		{591AA86F-7823-4873-8E88-1172021D6EA0}.Release|Any CPU.ActiveCfg = Release|Any CPU
		{591AA86F-7823-4873-8E88-1172021D6EA0}.Release|Any CPU.Build.0 = Release|Any CPU
	EndGlobalSection
	GlobalSection(SolutionProperties) = preSolution
		HideSolutionNode = FALSE
	EndGlobalSection
	GlobalSection(ExtensibilityGlobals) = postSolution
		SolutionGuid = {F50A723A-36A8-4A10-9268-985B416F2FD9}
	EndGlobalSection
EndGlobal
