
Microsoft Visual Studio Solution File, Format Version 12.00
# Visual Studio Version 16
VisualStudioVersion = 16.0.30011.22
MinimumVisualStudioVersion = 10.0.40219.1
Project("{FAE04EC0-301F-11D3-BF4B-00C04F79EFBC}") = "BancoExcecoes", "BancoExcecoes\BancoExcecoes.csproj", "{F3C694F0-7108-4853-8B14-4E8ACC72569F}"
EndProject
Global
	GlobalSection(SolutionConfigurationPlatforms) = preSolution
		Debug|Any CPU = Debug|Any CPU
		Release|Any CPU = Release|Any CPU
	EndGlobalSection
	GlobalSection(ProjectConfigurationPlatforms) = postSolution
		{F3C694F0-7108-4853-8B14-4E8ACC72569F}.Debug|Any CPU.ActiveCfg = Debug|Any CPU
		{F3C694F0-7108-4853-8B14-4E8ACC72569F}.Debug|Any CPU.Build.0 = Debug|Any CPU
		{F3C694F0-7108-4853-8B14-4E8ACC72569F}.Release|Any CPU.ActiveCfg = Release|Any CPU
		{F3C694F0-7108-4853-8B14-4E8ACC72569F}.Release|Any CPU.Build.0 = Release|Any CPU
	EndGlobalSection
	GlobalSection(SolutionProperties) = preSolution
		HideSolutionNode = FALSE
	EndGlobalSection
	GlobalSection(ExtensibilityGlobals) = postSolution
		SolutionGuid = {80336803-08DE-4632-8761-A8517EE05F67}
	EndGlobalSection
EndGlobal
